
Microsoft Visual Studio Solution File, Format Version 12.00
# Visual Studio Version 17
VisualStudioVersion = 17.7.34024.191
MinimumVisualStudioVersion = 10.0.40219.1
Project("{FAE04EC0-301F-11D3-BF4B-00C04F79EFBC}") = "63CNTT4N2", "63CNTT4N2.csproj", "{FE5D17F1-F86D-4041-A205-7E46CCEB34C9}"
EndProject
Project("{FAE04EC0-301F-11D3-BF4B-00C04F79EFBC}") = "MyClass", "MyClass\MyClass.csproj", "{D4DA395C-DD70-40D8-8F71-E7D2035D639D}"
EndProject
Global
	GlobalSection(SolutionConfigurationPlatforms) = preSolution
		Debug|Any CPU = Debug|Any CPU
		Release|Any CPU = Release|Any CPU
	EndGlobalSection
	GlobalSection(ProjectConfigurationPlatforms) = postSolution
		{FE5D17F1-F86D-4041-A205-7E46CCEB34C9}.Debug|Any CPU.ActiveCfg = Debug|Any CPU
		{FE5D17F1-F86D-4041-A205-7E46CCEB34C9}.Debug|Any CPU.Build.0 = Debug|Any CPU
		{FE5D17F1-F86D-4041-A205-7E46CCEB34C9}.Release|Any CPU.ActiveCfg = Release|Any CPU
		{FE5D17F1-F86D-4041-A205-7E46CCEB34C9}.Release|Any CPU.Build.0 = Release|Any CPU
		{D4DA395C-DD70-40D8-8F71-E7D2035D639D}.Debug|Any CPU.ActiveCfg = Debug|Any CPU
		{D4DA395C-DD70-40D8-8F71-E7D2035D639D}.Debug|Any CPU.Build.0 = Debug|Any CPU
		{D4DA395C-DD70-40D8-8F71-E7D2035D639D}.Release|Any CPU.ActiveCfg = Release|Any CPU
		{D4DA395C-DD70-40D8-8F71-E7D2035D639D}.Release|Any CPU.Build.0 = Release|Any CPU
	EndGlobalSection
	GlobalSection(SolutionProperties) = preSolution
		HideSolutionNode = FALSE
	EndGlobalSection
	GlobalSection(ExtensibilityGlobals) = postSolution
		SolutionGuid = {BC6D195B-D717-413F-AF10-45EBFD63F4B0}
	EndGlobalSection
EndGlobal
