
Microsoft Visual Studio Solution File, Format Version 12.00
# Visual Studio Version 17
VisualStudioVersion = 17.4.33403.182
MinimumVisualStudioVersion = 10.0.40219.1
Project("{FAE04EC0-301F-11D3-BF4B-00C04F79EFBC}") = "63CNTT4N2", "63CNTT4N2.csproj", "{030AD8CE-7165-4B0D-8C4B-EC8CEA6F1469}"
EndProject
Global
	GlobalSection(SolutionConfigurationPlatforms) = preSolution
		Debug|Any CPU = Debug|Any CPU
		Release|Any CPU = Release|Any CPU
	EndGlobalSection
	GlobalSection(ProjectConfigurationPlatforms) = postSolution
		{030AD8CE-7165-4B0D-8C4B-EC8CEA6F1469}.Debug|Any CPU.ActiveCfg = Debug|Any CPU
		{030AD8CE-7165-4B0D-8C4B-EC8CEA6F1469}.Debug|Any CPU.Build.0 = Debug|Any CPU
		{030AD8CE-7165-4B0D-8C4B-EC8CEA6F1469}.Release|Any CPU.ActiveCfg = Release|Any CPU
		{030AD8CE-7165-4B0D-8C4B-EC8CEA6F1469}.Release|Any CPU.Build.0 = Release|Any CPU
	EndGlobalSection
	GlobalSection(SolutionProperties) = preSolution
		HideSolutionNode = FALSE
	EndGlobalSection
	GlobalSection(ExtensibilityGlobals) = postSolution
		SolutionGuid = {505E7C41-7A49-4DE2-B5D9-ACD84E682289}
	EndGlobalSection
EndGlobal
